// !$*UTF8*$!
{
	archiveVersion = 1;
	classes = {
	};
	objectVersion = 46;
	objects = {

/* Begin PBXBuildFile section */
		661DC62A1DF70A420038E845 /* AppDelegate.swift in Sources */ = {isa = PBXBuildFile; fileRef = 661DC6291DF70A420038E845 /* AppDelegate.swift */; };
		661DC62C1DF70A420038E845 /* ViewController.swift in Sources */ = {isa = PBXBuildFile; fileRef = 661DC62B1DF70A420038E845 /* ViewController.swift */; };
		661DC62F1DF70A420038E845 /* Main.storyboard in Resources */ = {isa = PBXBuildFile; fileRef = 661DC62D1DF70A420038E845 /* Main.storyboard */; };
		661DC6311DF70A430038E845 /* Assets.xcassets in Resources */ = {isa = PBXBuildFile; fileRef = 661DC6301DF70A430038E845 /* Assets.xcassets */; };
		661DC6341DF70A430038E845 /* LaunchScreen.storyboard in Resources */ = {isa = PBXBuildFile; fileRef = 661DC6321DF70A430038E845 /* LaunchScreen.storyboard */; };
		661DC63C1DF7157D0038E845 /* Media.xcassets in Resources */ = {isa = PBXBuildFile; fileRef = 661DC63B1DF7157D0038E845 /* Media.xcassets */; };
		661DC6421DF717CB0038E845 /* PeopleWishListManager.swift in Sources */ = {isa = PBXBuildFile; fileRef = 661DC6411DF717CB0038E845 /* PeopleWishListManager.swift */; };
		661DC6461DF71A620038E845 /* Person.swift in Sources */ = {isa = PBXBuildFile; fileRef = 661DC6451DF71A620038E845 /* Person.swift */; };
		661DC6481DF71DA10038E845 /* PersonDetailMapView.swift in Sources */ = {isa = PBXBuildFile; fileRef = 661DC6471DF71DA10038E845 /* PersonDetailMapView.swift */; };
		661DC64A1DF71DB90038E845 /* PersonDetailMapView.xib in Resources */ = {isa = PBXBuildFile; fileRef = 661DC6491DF71DB80038E845 /* PersonDetailMapView.xib */; };
		66FD52DA1DF7295F0006432E /* PersonWishListItemTableViewCell.swift in Sources */ = {isa = PBXBuildFile; fileRef = 66FD52D81DF7295F0006432E /* PersonWishListItemTableViewCell.swift */; };
		66FD52DB1DF7295F0006432E /* PersonWishListItemTableViewCell.xib in Resources */ = {isa = PBXBuildFile; fileRef = 66FD52D91DF7295F0006432E /* PersonWishListItemTableViewCell.xib */; };
		66FD52DD1DF72B900006432E /* SampleLocation.gpx in Resources */ = {isa = PBXBuildFile; fileRef = 66FD52DC1DF72B900006432E /* SampleLocation.gpx */; };
		66FD52DF1DF7302E0006432E /* PersonWishListAnnotationView.swift in Sources */ = {isa = PBXBuildFile; fileRef = 66FD52DE1DF7302E0006432E /* PersonWishListAnnotationView.swift */; };
		66FD52E11DF730FC0006432E /* PersonWishListAnnotation.swift in Sources */ = {isa = PBXBuildFile; fileRef = 66FD52E01DF730FC0006432E /* PersonWishListAnnotation.swift */; };
		66FD531D1DF9CA810006432E /* UIView+BezierPaths.swift in Sources */ = {isa = PBXBuildFile; fileRef = 66FD531C1DF9CA810006432E /* UIView+BezierPaths.swift */; };
		66FD531F1DF9D19B0006432E /* PersonDetailsViewController.swift in Sources */ = {isa = PBXBuildFile; fileRef = 66FD531E1DF9D19B0006432E /* PersonDetailsViewController.swift */; };
/* End PBXBuildFile section */

/* Begin PBXFileReference section */
		661DC6261DF70A420038E845 /* CustomPinsMap.app */ = {isa = PBXFileReference; explicitFileType = wrapper.application; includeInIndex = 0; path = CustomPinsMap.app; sourceTree = BUILT_PRODUCTS_DIR; };
		661DC6291DF70A420038E845 /* AppDelegate.swift */ = {isa = PBXFileReference; lastKnownFileType = sourcecode.swift; path = AppDelegate.swift; sourceTree = "<group>"; };
		661DC62B1DF70A420038E845 /* ViewController.swift */ = {isa = PBXFileReference; lastKnownFileType = sourcecode.swift; path = ViewController.swift; sourceTree = "<group>"; };
		661DC62E1DF70A420038E845 /* Base */ = {isa = PBXFileReference; lastKnownFileType = file.storyboard; name = Base; path = Base.lproj/Main.storyboard; sourceTree = "<group>"; };
		661DC6301DF70A430038E845 /* Assets.xcassets */ = {isa = PBXFileReference; lastKnownFileType = folder.assetcatalog; path = Assets.xcassets; sourceTree = "<group>"; };
		661DC6331DF70A430038E845 /* Base */ = {isa = PBXFileReference; lastKnownFileType = file.storyboard; name = Base; path = Base.lproj/LaunchScreen.storyboard; sourceTree = "<group>"; };
		661DC6351DF70A430038E845 /* Info.plist */ = {isa = PBXFileReference; lastKnownFileType = text.plist.xml; path = Info.plist; sourceTree = "<group>"; };
		661DC63B1DF7157D0038E845 /* Media.xcassets */ = {isa = PBXFileReference; lastKnownFileType = folder.assetcatalog; path = Media.xcassets; sourceTree = "<group>"; };
		661DC6411DF717CB0038E845 /* PeopleWishListManager.swift */ = {isa = PBXFileReference; fileEncoding = 4; lastKnownFileType = sourcecode.swift; path = PeopleWishListManager.swift; sourceTree = "<group>"; };
		661DC6451DF71A620038E845 /* Person.swift */ = {isa = PBXFileReference; fileEncoding = 4; lastKnownFileType = sourcecode.swift; path = Person.swift; sourceTree = "<group>"; };
		661DC6471DF71DA10038E845 /* PersonDetailMapView.swift */ = {isa = PBXFileReference; fileEncoding = 4; lastKnownFileType = sourcecode.swift; path = PersonDetailMapView.swift; sourceTree = "<group>"; };
		661DC6491DF71DB80038E845 /* PersonDetailMapView.xib */ = {isa = PBXFileReference; fileEncoding = 4; lastKnownFileType = file.xib; path = PersonDetailMapView.xib; sourceTree = "<group>"; };
		66FD52D81DF7295F0006432E /* PersonWishListItemTableViewCell.swift */ = {isa = PBXFileReference; fileEncoding = 4; lastKnownFileType = sourcecode.swift; path = PersonWishListItemTableViewCell.swift; sourceTree = "<group>"; };
		66FD52D91DF7295F0006432E /* PersonWishListItemTableViewCell.xib */ = {isa = PBXFileReference; fileEncoding = 4; lastKnownFileType = file.xib; path = PersonWishListItemTableViewCell.xib; sourceTree = "<group>"; };
		66FD52DC1DF72B900006432E /* SampleLocation.gpx */ = {isa = PBXFileReference; fileEncoding = 4; lastKnownFileType = text.xml; path = SampleLocation.gpx; sourceTree = "<group>"; };
		66FD52DE1DF7302E0006432E /* PersonWishListAnnotationView.swift */ = {isa = PBXFileReference; fileEncoding = 4; lastKnownFileType = sourcecode.swift; path = PersonWishListAnnotationView.swift; sourceTree = "<group>"; };
		66FD52E01DF730FC0006432E /* PersonWishListAnnotation.swift */ = {isa = PBXFileReference; fileEncoding = 4; lastKnownFileType = sourcecode.swift; path = PersonWishListAnnotation.swift; sourceTree = "<group>"; };
		66FD531C1DF9CA810006432E /* UIView+BezierPaths.swift */ = {isa = PBXFileReference; fileEncoding = 4; lastKnownFileType = sourcecode.swift; path = "UIView+BezierPaths.swift"; sourceTree = "<group>"; };
		66FD531E1DF9D19B0006432E /* PersonDetailsViewController.swift */ = {isa = PBXFileReference; fileEncoding = 4; lastKnownFileType = sourcecode.swift; path = PersonDetailsViewController.swift; sourceTree = "<group>"; };
/* End PBXFileReference section */

/* Begin PBXFrameworksBuildPhase section */
		661DC6231DF70A420038E845 /* Frameworks */ = {
			isa = PBXFrameworksBuildPhase;
			buildActionMask = 2147483647;
			files = (
			);
			runOnlyForDeploymentPostprocessing = 0;
		};
/* End PBXFrameworksBuildPhase section */

/* Begin PBXGroup section */
		661DC61D1DF70A420038E845 = {
			isa = PBXGroup;
			children = (
				661DC6281DF70A420038E845 /* CustomPinsMap */,
				661DC6271DF70A420038E845 /* Products */,
			);
			sourceTree = "<group>";
		};
		661DC6271DF70A420038E845 /* Products */ = {
			isa = PBXGroup;
			children = (
				661DC6261DF70A420038E845 /* CustomPinsMap.app */,
			);
			name = Products;
			sourceTree = "<group>";
		};
		661DC6281DF70A420038E845 /* CustomPinsMap */ = {
			isa = PBXGroup;
			children = (
				66FD531B1DF9CA6B0006432E /* Categories and Extensions */,
				661DC6401DF717320038E845 /* Model */,
				661DC63F1DF716FE0038E845 /* Storyboards */,
				661DC63E1DF716F10038E845 /* Views & Controllers */,
				661DC63D1DF715910038E845 /* Resources and Assets */,
			);
			path = CustomPinsMap;
			sourceTree = "<group>";
		};
		661DC63D1DF715910038E845 /* Resources and Assets */ = {
			isa = PBXGroup;
			children = (
				661DC6291DF70A420038E845 /* AppDelegate.swift */,
				661DC6301DF70A430038E845 /* Assets.xcassets */,
				661DC63B1DF7157D0038E845 /* Media.xcassets */,
				661DC6351DF70A430038E845 /* Info.plist */,
				66FD52DC1DF72B900006432E /* SampleLocation.gpx */,
			);
			name = "Resources and Assets";
			sourceTree = "<group>";
		};
		661DC63E1DF716F10038E845 /* Views & Controllers */ = {
			isa = PBXGroup;
			children = (
				661DC62B1DF70A420038E845 /* ViewController.swift */,
				66FD531E1DF9D19B0006432E /* PersonDetailsViewController.swift */,
				661DC6471DF71DA10038E845 /* PersonDetailMapView.swift */,
				661DC6491DF71DB80038E845 /* PersonDetailMapView.xib */,
				66FD52D81DF7295F0006432E /* PersonWishListItemTableViewCell.swift */,
				66FD52D91DF7295F0006432E /* PersonWishListItemTableViewCell.xib */,
			);
			name = "Views & Controllers";
			sourceTree = "<group>";
		};
		661DC63F1DF716FE0038E845 /* Storyboards */ = {
			isa = PBXGroup;
			children = (
				661DC6321DF70A430038E845 /* LaunchScreen.storyboard */,
				661DC62D1DF70A420038E845 /* Main.storyboard */,
			);
			name = Storyboards;
			sourceTree = "<group>";
		};
		661DC6401DF717320038E845 /* Model */ = {
			isa = PBXGroup;
			children = (
				661DC6411DF717CB0038E845 /* PeopleWishListManager.swift */,
				661DC6451DF71A620038E845 /* Person.swift */,
				66FD52DE1DF7302E0006432E /* PersonWishListAnnotationView.swift */,
				66FD52E01DF730FC0006432E /* PersonWishListAnnotation.swift */,
			);
			name = Model;
			sourceTree = "<group>";
		};
		66FD531B1DF9CA6B0006432E /* Categories and Extensions */ = {
			isa = PBXGroup;
			children = (
				66FD531C1DF9CA810006432E /* UIView+BezierPaths.swift */,
			);
			name = "Categories and Extensions";
			sourceTree = "<group>";
		};
/* End PBXGroup section */

/* Begin PBXNativeTarget section */
		661DC6251DF70A420038E845 /* CustomPinsMap */ = {
			isa = PBXNativeTarget;
			buildConfigurationList = 661DC6381DF70A430038E845 /* Build configuration list for PBXNativeTarget "CustomPinsMap" */;
			buildPhases = (
				661DC6221DF70A420038E845 /* Sources */,
				661DC6231DF70A420038E845 /* Frameworks */,
				661DC6241DF70A420038E845 /* Resources */,
			);
			buildRules = (
			);
			dependencies = (
			);
			name = CustomPinsMap;
			productName = CustomPinsMap;
			productReference = 661DC6261DF70A420038E845 /* CustomPinsMap.app */;
			productType = "com.apple.product-type.application";
		};
/* End PBXNativeTarget section */

/* Begin PBXProject section */
		661DC61E1DF70A420038E845 /* Project object */ = {
			isa = PBXProject;
			attributes = {
				LastSwiftUpdateCheck = 0810;
				LastUpgradeCheck = 0810;
				ORGANIZATIONNAME = "Ignacio Nieto Carvajal";
				TargetAttributes = {
					661DC6251DF70A420038E845 = {
						CreatedOnToolsVersion = 8.1;
						DevelopmentTeam = 97P9DZHP78;
						ProvisioningStyle = Automatic;
					};
				};
			};
			buildConfigurationList = 661DC6211DF70A420038E845 /* Build configuration list for PBXProject "CustomPinsMap" */;
			compatibilityVersion = "Xcode 3.2";
			developmentRegion = English;
			hasScannedForEncodings = 0;
			knownRegions = (
				en,
				Base,
			);
			mainGroup = 661DC61D1DF70A420038E845;
			productRefGroup = 661DC6271DF70A420038E845 /* Products */;
			projectDirPath = "";
			projectRoot = "";
			targets = (
				661DC6251DF70A420038E845 /* CustomPinsMap */,
			);
		};
/* End PBXProject section */

/* Begin PBXResourcesBuildPhase section */
		661DC6241DF70A420038E845 /* Resources */ = {
			isa = PBXResourcesBuildPhase;
			buildActionMask = 2147483647;
			files = (
				661DC6341DF70A430038E845 /* LaunchScreen.storyboard in Resources */,
				661DC64A1DF71DB90038E845 /* PersonDetailMapView.xib in Resources */,
				66FD52DB1DF7295F0006432E /* PersonWishListItemTableViewCell.xib in Resources */,
				661DC6311DF70A430038E845 /* Assets.xcassets in Resources */,
				661DC63C1DF7157D0038E845 /* Media.xcassets in Resources */,
				66FD52DD1DF72B900006432E /* SampleLocation.gpx in Resources */,
				661DC62F1DF70A420038E845 /* Main.storyboard in Resources */,
			);
			runOnlyForDeploymentPostprocessing = 0;
		};
/* End PBXResourcesBuildPhase section */

/* Begin PBXSourcesBuildPhase section */
		661DC6221DF70A420038E845 /* Sources */ = {
			isa = PBXSourcesBuildPhase;
			buildActionMask = 2147483647;
			files = (
				66FD531F1DF9D19B0006432E /* PersonDetailsViewController.swift in Sources */,
				661DC62C1DF70A420038E845 /* ViewController.swift in Sources */,
				661DC6421DF717CB0038E845 /* PeopleWishListManager.swift in Sources */,
				66FD531D1DF9CA810006432E /* UIView+BezierPaths.swift in Sources */,
				66FD52E11DF730FC0006432E /* PersonWishListAnnotation.swift in Sources */,
				661DC6481DF71DA10038E845 /* PersonDetailMapView.swift in Sources */,
				66FD52DF1DF7302E0006432E /* PersonWishListAnnotationView.swift in Sources */,
				661DC6461DF71A620038E845 /* Person.swift in Sources */,
				66FD52DA1DF7295F0006432E /* PersonWishListItemTableViewCell.swift in Sources */,
				661DC62A1DF70A420038E845 /* AppDelegate.swift in Sources */,
			);
			runOnlyForDeploymentPostprocessing = 0;
		};
/* End PBXSourcesBuildPhase section */

/* Begin PBXVariantGroup section */
		661DC62D1DF70A420038E845 /* Main.storyboard */ = {
			isa = PBXVariantGroup;
			children = (
				661DC62E1DF70A420038E845 /* Base */,
			);
			name = Main.storyboard;
			sourceTree = "<group>";
		};
		661DC6321DF70A430038E845 /* LaunchScreen.storyboard */ = {
			isa = PBXVariantGroup;
			children = (
				661DC6331DF70A430038E845 /* Base */,
			);
			name = LaunchScreen.storyboard;
			sourceTree = "<group>";
		};
/* End PBXVariantGroup section */

/* Begin XCBuildConfiguration section */
		661DC6361DF70A430038E845 /* Debug */ = {
			isa = XCBuildConfiguration;
			buildSettings = {
				ALWAYS_SEARCH_USER_PATHS = NO;
				CLANG_ANALYZER_NONNULL = YES;
				CLANG_CXX_LANGUAGE_STANDARD = "gnu++0x";
				CLANG_CXX_LIBRARY = "libc++";
				CLANG_ENABLE_MODULES = YES;
				CLANG_ENABLE_OBJC_ARC = YES;
				CLANG_WARN_BOOL_CONVERSION = YES;
				CLANG_WARN_CONSTANT_CONVERSION = YES;
				CLANG_WARN_DIRECT_OBJC_ISA_USAGE = YES_ERROR;
				CLANG_WARN_DOCUMENTATION_COMMENTS = YES;
				CLANG_WARN_EMPTY_BODY = YES;
				CLANG_WARN_ENUM_CONVERSION = YES;
				CLANG_WARN_INFINITE_RECURSION = YES;
				CLANG_WARN_INT_CONVERSION = YES;
				CLANG_WARN_OBJC_ROOT_CLASS = YES_ERROR;
				CLANG_WARN_SUSPICIOUS_MOVES = YES;
				CLANG_WARN_UNREACHABLE_CODE = YES;
				CLANG_WARN__DUPLICATE_METHOD_MATCH = YES;
				"CODE_SIGN_IDENTITY[sdk=iphoneos*]" = "iPhone Developer";
				COPY_PHASE_STRIP = NO;
				DEBUG_INFORMATION_FORMAT = dwarf;
				ENABLE_STRICT_OBJC_MSGSEND = YES;
				ENABLE_TESTABILITY = YES;
				GCC_C_LANGUAGE_STANDARD = gnu99;
				GCC_DYNAMIC_NO_PIC = NO;
				GCC_NO_COMMON_BLOCKS = YES;
				GCC_OPTIMIZATION_LEVEL = 0;
				GCC_PREPROCESSOR_DEFINITIONS = (
					"DEBUG=1",
					"$(inherited)",
				);
				GCC_WARN_64_TO_32_BIT_CONVERSION = YES;
				GCC_WARN_ABOUT_RETURN_TYPE = YES_ERROR;
				GCC_WARN_UNDECLARED_SELECTOR = YES;
				GCC_WARN_UNINITIALIZED_AUTOS = YES_AGGRESSIVE;
				GCC_WARN_UNUSED_FUNCTION = YES;
				GCC_WARN_UNUSED_VARIABLE = YES;
				IPHONEOS_DEPLOYMENT_TARGET = 10.1;
				MTL_ENABLE_DEBUG_INFO = YES;
				ONLY_ACTIVE_ARCH = YES;
				SDKROOT = iphoneos;
				SWIFT_ACTIVE_COMPILATION_CONDITIONS = DEBUG;
				SWIFT_OPTIMIZATION_LEVEL = "-Onone";
				TARGETED_DEVICE_FAMILY = "1,2";
			};
			name = Debug;
		};
		661DC6371DF70A430038E845 /* Release */ = {
			isa = XCBuildConfiguration;
			buildSettings = {
				ALWAYS_SEARCH_USER_PATHS = NO;
				CLANG_ANALYZER_NONNULL = YES;
				CLANG_CXX_LANGUAGE_STANDARD = "gnu++0x";
				CLANG_CXX_LIBRARY = "libc++";
				CLANG_ENABLE_MODULES = YES;
				CLANG_ENABLE_OBJC_ARC = YES;
				CLANG_WARN_BOOL_CONVERSION = YES;
				CLANG_WARN_CONSTANT_CONVERSION = YES;
				CLANG_WARN_DIRECT_OBJC_ISA_USAGE = YES_ERROR;
				CLANG_WARN_DOCUMENTATION_COMMENTS = YES;
				CLANG_WARN_EMPTY_BODY = YES;
				CLANG_WARN_ENUM_CONVERSION = YES;
				CLANG_WARN_INFINITE_RECURSION = YES;
				CLANG_WARN_INT_CONVERSION = YES;
				CLANG_WARN_OBJC_ROOT_CLASS = YES_ERROR;
				CLANG_WARN_SUSPICIOUS_MOVES = YES;
				CLANG_WARN_UNREACHABLE_CODE = YES;
				CLANG_WARN__DUPLICATE_METHOD_MATCH = YES;
				"CODE_SIGN_IDENTITY[sdk=iphoneos*]" = "iPhone Developer";
				COPY_PHASE_STRIP = NO;
				DEBUG_INFORMATION_FORMAT = "dwarf-with-dsym";
				ENABLE_NS_ASSERTIONS = NO;
				ENABLE_STRICT_OBJC_MSGSEND = YES;
				GCC_C_LANGUAGE_STANDARD = gnu99;
				GCC_NO_COMMON_BLOCKS = YES;
				GCC_WARN_64_TO_32_BIT_CONVERSION = YES;
				GCC_WARN_ABOUT_RETURN_TYPE = YES_ERROR;
				GCC_WARN_UNDECLARED_SELECTOR = YES;
				GCC_WARN_UNINITIALIZED_AUTOS = YES_AGGRESSIVE;
				GCC_WARN_UNUSED_FUNCTION = YES;
				GCC_WARN_UNUSED_VARIABLE = YES;
				IPHONEOS_DEPLOYMENT_TARGET = 10.1;
				MTL_ENABLE_DEBUG_INFO = NO;
				SDKROOT = iphoneos;
				SWIFT_OPTIMIZATION_LEVEL = "-Owholemodule";
				TARGETED_DEVICE_FAMILY = "1,2";
				VALIDATE_PRODUCT = YES;
			};
			name = Release;
		};
		661DC6391DF70A430038E845 /* Debug */ = {
			isa = XCBuildConfiguration;
			buildSettings = {
				ASSETCATALOG_COMPILER_APPICON_NAME = AppIcon;
				DEVELOPMENT_TEAM = 97P9DZHP78;
				INFOPLIST_FILE = CustomPinsMap/Info.plist;
				LD_RUNPATH_SEARCH_PATHS = "$(inherited) @executable_path/Frameworks";
				PRODUCT_BUNDLE_IDENTIFIER = "com.Ignacio-Nieto-Carvajal.CustomPinsMap";
				PRODUCT_NAME = "$(TARGET_NAME)";
				SWIFT_VERSION = 3.0;
			};
			name = Debug;
		};
		661DC63A1DF70A430038E845 /* Release */ = {
			isa = XCBuildConfiguration;
			buildSettings = {
				ASSETCATALOG_COMPILER_APPICON_NAME = AppIcon;
				DEVELOPMENT_TEAM = 97P9DZHP78;
				INFOPLIST_FILE = CustomPinsMap/Info.plist;
				LD_RUNPATH_SEARCH_PATHS = "$(inherited) @executable_path/Frameworks";
				PRODUCT_BUNDLE_IDENTIFIER = "com.Ignacio-Nieto-Carvajal.CustomPinsMap";
				PRODUCT_NAME = "$(TARGET_NAME)";
				SWIFT_VERSION = 3.0;
			};
			name = Release;
		};
/* End XCBuildConfiguration section */

/* Begin XCConfigurationList section */
		661DC6211DF70A420038E845 /* Build configuration list for PBXProject "CustomPinsMap" */ = {
			isa = XCConfigurationList;
			buildConfigurations = (
				661DC6361DF70A430038E845 /* Debug */,
				661DC6371DF70A430038E845 /* Release */,
			);
			defaultConfigurationIsVisible = 0;
			defaultConfigurationName = Release;
		};
		661DC6381DF70A430038E845 /* Build configuration list for PBXNativeTarget "CustomPinsMap" */ = {
			isa = XCConfigurationList;
			buildConfigurations = (
				661DC6391DF70A430038E845 /* Debug */,
				661DC63A1DF70A430038E845 /* Release */,
			);
			defaultConfigurationIsVisible = 0;
			defaultConfigurationName = Release;
		};
/* End XCConfigurationList section */
	};
	rootObject = 661DC61E1DF70A420038E845 /* Project object */;
}
